// !$*UTF8*$!
{
	archiveVersion = 1;
	classes = {
	};
	objectVersion = 46;
	objects = {

/* Begin PBXBuildFile section */
		3BCAFA8C153EE4550048640E /* Cocoa.framework in Frameworks */ = {isa = PBXBuildFile; fileRef = 3BCAFA8B153EE4550048640E /* Cocoa.framework */; };
		3BCAFA96153EE4550048640E /* InfoPlist.strings in Resources */ = {isa = PBXBuildFile; fileRef = 3BCAFA94153EE4550048640E /* InfoPlist.strings */; };
		3BCAFA98153EE4550048640E /* main.m in Sources */ = {isa = PBXBuildFile; fileRef = 3BCAFA97153EE4550048640E /* main.m */; };
		3BCAFA9C153EE4550048640E /* Credits.rtf in Resources */ = {isa = PBXBuildFile; fileRef = 3BCAFA9A153EE4550048640E /* Credits.rtf */; };
		3BCAFA9F153EE4550048640E /* KMAppDelegate.m in Sources */ = {isa = PBXBuildFile; fileRef = 3BCAFA9E153EE4550048640E /* KMAppDelegate.m */; };
		3BCAFAA2153EE4550048640E /* MainMenu.xib in Resources */ = {isa = PBXBuildFile; fileRef = 3BCAFAA0153EE4550048640E /* MainMenu.xib */; };
		3BCAFAAA153EE4550048640E /* SenTestingKit.framework in Frameworks */ = {isa = PBXBuildFile; fileRef = 3BCAFAA9153EE4550048640E /* SenTestingKit.framework */; };
		3BCAFAAB153EE4550048640E /* Cocoa.framework in Frameworks */ = {isa = PBXBuildFile; fileRef = 3BCAFA8B153EE4550048640E /* Cocoa.framework */; };
		3BCAFAB3153EE4550048640E /* InfoPlist.strings in Resources */ = {isa = PBXBuildFile; fileRef = 3BCAFAB1153EE4550048640E /* InfoPlist.strings */; };
		3BCAFAB6153EE4550048640E /* SimOpenerTests.m in Sources */ = {isa = PBXBuildFile; fileRef = 3BCAFAB5153EE4550048640E /* SimOpenerTests.m */; };
		3BCAFAC1153EE5500048640E /* KMSimulator.m in Sources */ = {isa = PBXBuildFile; fileRef = 3BCAFAC0153EE5500048640E /* KMSimulator.m */; };
		3BCAFAC4153EE7AF0048640E /* KMSimulatorTests.m in Sources */ = {isa = PBXBuildFile; fileRef = 3BCAFAC3153EE7AF0048640E /* KMSimulatorTests.m */; };
		3BCAFAC5153EE7B60048640E /* KMSimulator.m in Sources */ = {isa = PBXBuildFile; fileRef = 3BCAFAC0153EE5500048640E /* KMSimulator.m */; };
/* End PBXBuildFile section */

/* Begin PBXContainerItemProxy section */
		3BCAFAAC153EE4550048640E /* PBXContainerItemProxy */ = {
			isa = PBXContainerItemProxy;
			containerPortal = 3BCAFA7E153EE4550048640E /* Project object */;
			proxyType = 1;
			remoteGlobalIDString = 3BCAFA86153EE4550048640E;
			remoteInfo = SimOpener;
		};
/* End PBXContainerItemProxy section */

/* Begin PBXFileReference section */
		3BCAFA87153EE4550048640E /* SimOpener.app */ = {isa = PBXFileReference; explicitFileType = wrapper.application; includeInIndex = 0; path = SimOpener.app; sourceTree = BUILT_PRODUCTS_DIR; };
		3BCAFA8B153EE4550048640E /* Cocoa.framework */ = {isa = PBXFileReference; lastKnownFileType = wrapper.framework; name = Cocoa.framework; path = System/Library/Frameworks/Cocoa.framework; sourceTree = SDKROOT; };
		3BCAFA8E153EE4550048640E /* AppKit.framework */ = {isa = PBXFileReference; lastKnownFileType = wrapper.framework; name = AppKit.framework; path = System/Library/Frameworks/AppKit.framework; sourceTree = SDKROOT; };
		3BCAFA8F153EE4550048640E /* CoreData.framework */ = {isa = PBXFileReference; lastKnownFileType = wrapper.framework; name = CoreData.framework; path = System/Library/Frameworks/CoreData.framework; sourceTree = SDKROOT; };
		3BCAFA90153EE4550048640E /* Foundation.framework */ = {isa = PBXFileReference; lastKnownFileType = wrapper.framework; name = Foundation.framework; path = System/Library/Frameworks/Foundation.framework; sourceTree = SDKROOT; };
		3BCAFA93153EE4550048640E /* SimOpener-Info.plist */ = {isa = PBXFileReference; lastKnownFileType = text.plist.xml; path = "SimOpener-Info.plist"; sourceTree = "<group>"; };
		3BCAFA95153EE4550048640E /* en */ = {isa = PBXFileReference; lastKnownFileType = text.plist.strings; name = en; path = en.lproj/InfoPlist.strings; sourceTree = "<group>"; };
		3BCAFA97153EE4550048640E /* main.m */ = {isa = PBXFileReference; lastKnownFileType = sourcecode.c.objc; path = main.m; sourceTree = "<group>"; };
		3BCAFA99153EE4550048640E /* SimOpener-Prefix.pch */ = {isa = PBXFileReference; lastKnownFileType = sourcecode.c.h; path = "SimOpener-Prefix.pch"; sourceTree = "<group>"; };
		3BCAFA9B153EE4550048640E /* en */ = {isa = PBXFileReference; lastKnownFileType = text.rtf; name = en; path = en.lproj/Credits.rtf; sourceTree = "<group>"; };
		3BCAFA9D153EE4550048640E /* KMAppDelegate.h */ = {isa = PBXFileReference; lastKnownFileType = sourcecode.c.h; path = KMAppDelegate.h; sourceTree = "<group>"; };
		3BCAFA9E153EE4550048640E /* KMAppDelegate.m */ = {isa = PBXFileReference; lastKnownFileType = sourcecode.c.objc; path = KMAppDelegate.m; sourceTree = "<group>"; };
		3BCAFAA1153EE4550048640E /* en */ = {isa = PBXFileReference; lastKnownFileType = file.xib; name = en; path = en.lproj/MainMenu.xib; sourceTree = "<group>"; };
		3BCAFAA8153EE4550048640E /* SimOpenerTests.octest */ = {isa = PBXFileReference; explicitFileType = wrapper.cfbundle; includeInIndex = 0; path = SimOpenerTests.octest; sourceTree = BUILT_PRODUCTS_DIR; };
		3BCAFAA9153EE4550048640E /* SenTestingKit.framework */ = {isa = PBXFileReference; lastKnownFileType = wrapper.framework; name = SenTestingKit.framework; path = Library/Frameworks/SenTestingKit.framework; sourceTree = DEVELOPER_DIR; };
		3BCAFAB0153EE4550048640E /* SimOpenerTests-Info.plist */ = {isa = PBXFileReference; lastKnownFileType = text.plist.xml; path = "SimOpenerTests-Info.plist"; sourceTree = "<group>"; };
		3BCAFAB2153EE4550048640E /* en */ = {isa = PBXFileReference; lastKnownFileType = text.plist.strings; name = en; path = en.lproj/InfoPlist.strings; sourceTree = "<group>"; };
		3BCAFAB4153EE4550048640E /* SimOpenerTests.h */ = {isa = PBXFileReference; lastKnownFileType = sourcecode.c.h; path = SimOpenerTests.h; sourceTree = "<group>"; };
		3BCAFAB5153EE4550048640E /* SimOpenerTests.m */ = {isa = PBXFileReference; lastKnownFileType = sourcecode.c.objc; path = SimOpenerTests.m; sourceTree = "<group>"; };
		3BCAFABF153EE5500048640E /* KMSimulator.h */ = {isa = PBXFileReference; fileEncoding = 4; lastKnownFileType = sourcecode.c.h; path = KMSimulator.h; sourceTree = "<group>"; };
		3BCAFAC0153EE5500048640E /* KMSimulator.m */ = {isa = PBXFileReference; fileEncoding = 4; lastKnownFileType = sourcecode.c.objc; path = KMSimulator.m; sourceTree = "<group>"; };
		3BCAFAC2153EE7AF0048640E /* KMSimulatorTests.h */ = {isa = PBXFileReference; fileEncoding = 4; lastKnownFileType = sourcecode.c.h; path = KMSimulatorTests.h; sourceTree = "<group>"; };
		3BCAFAC3153EE7AF0048640E /* KMSimulatorTests.m */ = {isa = PBXFileReference; fileEncoding = 4; lastKnownFileType = sourcecode.c.objc; path = KMSimulatorTests.m; sourceTree = "<group>"; };
/* End PBXFileReference section */

/* Begin PBXFrameworksBuildPhase section */
		3BCAFA84153EE4550048640E /* Frameworks */ = {
			isa = PBXFrameworksBuildPhase;
			buildActionMask = 2147483647;
			files = (
				3BCAFA8C153EE4550048640E /* Cocoa.framework in Frameworks */,
			);
			runOnlyForDeploymentPostprocessing = 0;
		};
		3BCAFAA4153EE4550048640E /* Frameworks */ = {
			isa = PBXFrameworksBuildPhase;
			buildActionMask = 2147483647;
			files = (
				3BCAFAAA153EE4550048640E /* SenTestingKit.framework in Frameworks */,
				3BCAFAAB153EE4550048640E /* Cocoa.framework in Frameworks */,
			);
			runOnlyForDeploymentPostprocessing = 0;
		};
/* End PBXFrameworksBuildPhase section */

/* Begin PBXGroup section */
		3BCAFA7C153EE4550048640E = {
			isa = PBXGroup;
			children = (
				3BCAFA91153EE4550048640E /* SimOpener */,
				3BCAFAAE153EE4550048640E /* SimOpenerTests */,
				3BCAFA8A153EE4550048640E /* Frameworks */,
				3BCAFA88153EE4550048640E /* Products */,
			);
			sourceTree = "<group>";
		};
		3BCAFA88153EE4550048640E /* Products */ = {
			isa = PBXGroup;
			children = (
				3BCAFA87153EE4550048640E /* SimOpener.app */,
				3BCAFAA8153EE4550048640E /* SimOpenerTests.octest */,
			);
			name = Products;
			sourceTree = "<group>";
		};
		3BCAFA8A153EE4550048640E /* Frameworks */ = {
			isa = PBXGroup;
			children = (
				3BCAFA8B153EE4550048640E /* Cocoa.framework */,
				3BCAFAA9153EE4550048640E /* SenTestingKit.framework */,
				3BCAFA8D153EE4550048640E /* Other Frameworks */,
			);
			name = Frameworks;
			sourceTree = "<group>";
		};
		3BCAFA8D153EE4550048640E /* Other Frameworks */ = {
			isa = PBXGroup;
			children = (
				3BCAFA8E153EE4550048640E /* AppKit.framework */,
				3BCAFA8F153EE4550048640E /* CoreData.framework */,
				3BCAFA90153EE4550048640E /* Foundation.framework */,
			);
			name = "Other Frameworks";
			sourceTree = "<group>";
		};
		3BCAFA91153EE4550048640E /* SimOpener */ = {
			isa = PBXGroup;
			children = (
				3BCAFA9D153EE4550048640E /* KMAppDelegate.h */,
				3BCAFA9E153EE4550048640E /* KMAppDelegate.m */,
				3BCAFABF153EE5500048640E /* KMSimulator.h */,
				3BCAFAC0153EE5500048640E /* KMSimulator.m */,
				3BCAFAA0153EE4550048640E /* MainMenu.xib */,
				3BCAFA92153EE4550048640E /* Supporting Files */,
			);
			path = SimOpener;
			sourceTree = "<group>";
		};
		3BCAFA92153EE4550048640E /* Supporting Files */ = {
			isa = PBXGroup;
			children = (
				3BCAFA93153EE4550048640E /* SimOpener-Info.plist */,
				3BCAFA94153EE4550048640E /* InfoPlist.strings */,
				3BCAFA97153EE4550048640E /* main.m */,
				3BCAFA99153EE4550048640E /* SimOpener-Prefix.pch */,
				3BCAFA9A153EE4550048640E /* Credits.rtf */,
			);
			name = "Supporting Files";
			sourceTree = "<group>";
		};
		3BCAFAAE153EE4550048640E /* SimOpenerTests */ = {
			isa = PBXGroup;
			children = (
				3BCAFAB4153EE4550048640E /* SimOpenerTests.h */,
				3BCAFAB5153EE4550048640E /* SimOpenerTests.m */,
				3BCAFAAF153EE4550048640E /* Supporting Files */,
				3BCAFAC2153EE7AF0048640E /* KMSimulatorTests.h */,
				3BCAFAC3153EE7AF0048640E /* KMSimulatorTests.m */,
			);
			path = SimOpenerTests;
			sourceTree = "<group>";
		};
		3BCAFAAF153EE4550048640E /* Supporting Files */ = {
			isa = PBXGroup;
			children = (
				3BCAFAB0153EE4550048640E /* SimOpenerTests-Info.plist */,
				3BCAFAB1153EE4550048640E /* InfoPlist.strings */,
			);
			name = "Supporting Files";
			sourceTree = "<group>";
		};
/* End PBXGroup section */

/* Begin PBXNativeTarget section */
		3BCAFA86153EE4550048640E /* SimOpener */ = {
			isa = PBXNativeTarget;
			buildConfigurationList = 3BCAFAB9153EE4550048640E /* Build configuration list for PBXNativeTarget "SimOpener" */;
			buildPhases = (
				3BCAFA83153EE4550048640E /* Sources */,
				3BCAFA84153EE4550048640E /* Frameworks */,
				3BCAFA85153EE4550048640E /* Resources */,
			);
			buildRules = (
			);
			dependencies = (
			);
			name = SimOpener;
			productName = SimOpener;
			productReference = 3BCAFA87153EE4550048640E /* SimOpener.app */;
			productType = "com.apple.product-type.application";
		};
		3BCAFAA7153EE4550048640E /* SimOpenerTests */ = {
			isa = PBXNativeTarget;
			buildConfigurationList = 3BCAFABC153EE4550048640E /* Build configuration list for PBXNativeTarget "SimOpenerTests" */;
			buildPhases = (
				3BCAFAA3153EE4550048640E /* Sources */,
				3BCAFAA4153EE4550048640E /* Frameworks */,
				3BCAFAA5153EE4550048640E /* Resources */,
				3BCAFAA6153EE4550048640E /* ShellScript */,
			);
			buildRules = (
			);
			dependencies = (
				3BCAFAAD153EE4550048640E /* PBXTargetDependency */,
			);
			name = SimOpenerTests;
			productName = SimOpenerTests;
			productReference = 3BCAFAA8153EE4550048640E /* SimOpenerTests.octest */;
			productType = "com.apple.product-type.bundle";
		};
/* End PBXNativeTarget section */

/* Begin PBXProject section */
		3BCAFA7E153EE4550048640E /* Project object */ = {
			isa = PBXProject;
			attributes = {
				CLASSPREFIX = KM;
				LastUpgradeCheck = 0430;
				ORGANIZATIONNAME = None;
			};
			buildConfigurationList = 3BCAFA81153EE4550048640E /* Build configuration list for PBXProject "SimOpener" */;
			compatibilityVersion = "Xcode 3.2";
			developmentRegion = English;
			hasScannedForEncodings = 0;
			knownRegions = (
				en,
			);
			mainGroup = 3BCAFA7C153EE4550048640E;
			productRefGroup = 3BCAFA88153EE4550048640E /* Products */;
			projectDirPath = "";
			projectRoot = "";
			targets = (
				3BCAFA86153EE4550048640E /* SimOpener */,
				3BCAFAA7153EE4550048640E /* SimOpenerTests */,
			);
		};
/* End PBXProject section */

/* Begin PBXResourcesBuildPhase section */
		3BCAFA85153EE4550048640E /* Resources */ = {
			isa = PBXResourcesBuildPhase;
			buildActionMask = 2147483647;
			files = (
				3BCAFA96153EE4550048640E /* InfoPlist.strings in Resources */,
				3BCAFA9C153EE4550048640E /* Credits.rtf in Resources */,
				3BCAFAA2153EE4550048640E /* MainMenu.xib in Resources */,
			);
			runOnlyForDeploymentPostprocessing = 0;
		};
		3BCAFAA5153EE4550048640E /* Resources */ = {
			isa = PBXResourcesBuildPhase;
			buildActionMask = 2147483647;
			files = (
				3BCAFAB3153EE4550048640E /* InfoPlist.strings in Resources */,
			);
			runOnlyForDeploymentPostprocessing = 0;
		};
/* End PBXResourcesBuildPhase section */

/* Begin PBXShellScriptBuildPhase section */
		3BCAFAA6153EE4550048640E /* ShellScript */ = {
			isa = PBXShellScriptBuildPhase;
			buildActionMask = 2147483647;
			files = (
			);
			inputPaths = (
			);
			outputPaths = (
			);
			runOnlyForDeploymentPostprocessing = 0;
			shellPath = /bin/sh;
			shellScript = "# Run the unit tests in this test bundle.\n\"${SYSTEM_DEVELOPER_DIR}/Tools/RunUnitTests\"\n";
		};
/* End PBXShellScriptBuildPhase section */

/* Begin PBXSourcesBuildPhase section */
		3BCAFA83153EE4550048640E /* Sources */ = {
			isa = PBXSourcesBuildPhase;
			buildActionMask = 2147483647;
			files = (
				3BCAFA98153EE4550048640E /* main.m in Sources */,
				3BCAFA9F153EE4550048640E /* KMAppDelegate.m in Sources */,
				3BCAFAC1153EE5500048640E /* KMSimulator.m in Sources */,
			);
			runOnlyForDeploymentPostprocessing = 0;
		};
		3BCAFAA3153EE4550048640E /* Sources */ = {
			isa = PBXSourcesBuildPhase;
			buildActionMask = 2147483647;
			files = (
				3BCAFAB6153EE4550048640E /* SimOpenerTests.m in Sources */,
				3BCAFAC4153EE7AF0048640E /* KMSimulatorTests.m in Sources */,
				3BCAFAC5153EE7B60048640E /* KMSimulator.m in Sources */,
			);
			runOnlyForDeploymentPostprocessing = 0;
		};
/* End PBXSourcesBuildPhase section */

/* Begin PBXTargetDependency section */
		3BCAFAAD153EE4550048640E /* PBXTargetDependency */ = {
			isa = PBXTargetDependency;
			target = 3BCAFA86153EE4550048640E /* SimOpener */;
			targetProxy = 3BCAFAAC153EE4550048640E /* PBXContainerItemProxy */;
		};
/* End PBXTargetDependency section */

/* Begin PBXVariantGroup section */
		3BCAFA94153EE4550048640E /* InfoPlist.strings */ = {
			isa = PBXVariantGroup;
			children = (
				3BCAFA95153EE4550048640E /* en */,
			);
			name = InfoPlist.strings;
			sourceTree = "<group>";
		};
		3BCAFA9A153EE4550048640E /* Credits.rtf */ = {
			isa = PBXVariantGroup;
			children = (
				3BCAFA9B153EE4550048640E /* en */,
			);
			name = Credits.rtf;
			sourceTree = "<group>";
		};
		3BCAFAA0153EE4550048640E /* MainMenu.xib */ = {
			isa = PBXVariantGroup;
			children = (
				3BCAFAA1153EE4550048640E /* en */,
			);
			name = MainMenu.xib;
			sourceTree = "<group>";
		};
		3BCAFAB1153EE4550048640E /* InfoPlist.strings */ = {
			isa = PBXVariantGroup;
			children = (
				3BCAFAB2153EE4550048640E /* en */,
			);
			name = InfoPlist.strings;
			sourceTree = "<group>";
		};
/* End PBXVariantGroup section */

/* Begin XCBuildConfiguration section */
		3BCAFAB7153EE4550048640E /* Debug */ = {
			isa = XCBuildConfiguration;
			buildSettings = {
				ALWAYS_SEARCH_USER_PATHS = NO;
				ARCHS = "$(ARCHS_STANDARD_64_BIT)";
				COPY_PHASE_STRIP = NO;
				GCC_C_LANGUAGE_STANDARD = gnu99;
				GCC_DYNAMIC_NO_PIC = NO;
				GCC_ENABLE_OBJC_EXCEPTIONS = YES;
				GCC_OPTIMIZATION_LEVEL = 0;
				GCC_PREPROCESSOR_DEFINITIONS = (
					"DEBUG=1",
					"$(inherited)",
				);
				GCC_SYMBOLS_PRIVATE_EXTERN = NO;
				GCC_VERSION = com.apple.compilers.llvm.clang.1_0;
				GCC_WARN_64_TO_32_BIT_CONVERSION = YES;
				GCC_WARN_ABOUT_RETURN_TYPE = YES;
				GCC_WARN_UNINITIALIZED_AUTOS = YES;
				GCC_WARN_UNUSED_VARIABLE = YES;
				MACOSX_DEPLOYMENT_TARGET = 10.7;
				ONLY_ACTIVE_ARCH = YES;
				SDKROOT = macosx;
			};
			name = Debug;
		};
		3BCAFAB8153EE4550048640E /* Release */ = {
			isa = XCBuildConfiguration;
			buildSettings = {
				ALWAYS_SEARCH_USER_PATHS = NO;
				ARCHS = "$(ARCHS_STANDARD_64_BIT)";
				COPY_PHASE_STRIP = YES;
				DEBUG_INFORMATION_FORMAT = "dwarf-with-dsym";
				GCC_C_LANGUAGE_STANDARD = gnu99;
				GCC_ENABLE_OBJC_EXCEPTIONS = YES;
				GCC_VERSION = com.apple.compilers.llvm.clang.1_0;
				GCC_WARN_64_TO_32_BIT_CONVERSION = YES;
				GCC_WARN_ABOUT_RETURN_TYPE = YES;
				GCC_WARN_UNINITIALIZED_AUTOS = YES;
				GCC_WARN_UNUSED_VARIABLE = YES;
				MACOSX_DEPLOYMENT_TARGET = 10.7;
				SDKROOT = macosx;
			};
			name = Release;
		};
		3BCAFABA153EE4550048640E /* Debug */ = {
			isa = XCBuildConfiguration;
			buildSettings = {
				CLANG_ENABLE_OBJC_ARC = YES;
				GCC_PRECOMPILE_PREFIX_HEADER = YES;
				GCC_PREFIX_HEADER = "SimOpener/SimOpener-Prefix.pch";
				INFOPLIST_FILE = "SimOpener/SimOpener-Info.plist";
				PRODUCT_NAME = "$(TARGET_NAME)";
				WRAPPER_EXTENSION = app;
			};
			name = Debug;
		};
		3BCAFABB153EE4550048640E /* Release */ = {
			isa = XCBuildConfiguration;
			buildSettings = {
				CLANG_ENABLE_OBJC_ARC = YES;
				GCC_PRECOMPILE_PREFIX_HEADER = YES;
				GCC_PREFIX_HEADER = "SimOpener/SimOpener-Prefix.pch";
				INFOPLIST_FILE = "SimOpener/SimOpener-Info.plist";
				PRODUCT_NAME = "$(TARGET_NAME)";
				WRAPPER_EXTENSION = app;
			};
			name = Release;
		};
		3BCAFABD153EE4550048640E /* Debug */ = {
			isa = XCBuildConfiguration;
			buildSettings = {
				BUNDLE_LOADER = "$(BUILT_PRODUCTS_DIR)/SimOpener.app/Contents/MacOS/SimOpener";
				CLANG_ENABLE_OBJC_ARC = YES;
				FRAMEWORK_SEARCH_PATHS = "$(DEVELOPER_LIBRARY_DIR)/Frameworks";
				GCC_PRECOMPILE_PREFIX_HEADER = YES;
				GCC_PREFIX_HEADER = "SimOpener/SimOpener-Prefix.pch";
				INFOPLIST_FILE = "SimOpenerTests/SimOpenerTests-Info.plist";
				PRODUCT_NAME = "$(TARGET_NAME)";
				TEST_HOST = "$(BUNDLE_LOADER)";
				WRAPPER_EXTENSION = octest;
			};
			name = Debug;
		};
		3BCAFABE153EE4550048640E /* Release */ = {
			isa = XCBuildConfiguration;
			buildSettings = {
				BUNDLE_LOADER = "$(BUILT_PRODUCTS_DIR)/SimOpener.app/Contents/MacOS/SimOpener";
				CLANG_ENABLE_OBJC_ARC = YES;
				FRAMEWORK_SEARCH_PATHS = "$(DEVELOPER_LIBRARY_DIR)/Frameworks";
				GCC_PRECOMPILE_PREFIX_HEADER = YES;
				GCC_PREFIX_HEADER = "SimOpener/SimOpener-Prefix.pch";
				INFOPLIST_FILE = "SimOpenerTests/SimOpenerTests-Info.plist";
				PRODUCT_NAME = "$(TARGET_NAME)";
				TEST_HOST = "$(BUNDLE_LOADER)";
				WRAPPER_EXTENSION = octest;
			};
			name = Release;
		};
/* End XCBuildConfiguration section */

/* Begin XCConfigurationList section */
		3BCAFA81153EE4550048640E /* Build configuration list for PBXProject "SimOpener" */ = {
			isa = XCConfigurationList;
			buildConfigurations = (
				3BCAFAB7153EE4550048640E /* Debug */,
				3BCAFAB8153EE4550048640E /* Release */,
			);
			defaultConfigurationIsVisible = 0;
			defaultConfigurationName = Release;
		};
		3BCAFAB9153EE4550048640E /* Build configuration list for PBXNativeTarget "SimOpener" */ = {
			isa = XCConfigurationList;
			buildConfigurations = (
				3BCAFABA153EE4550048640E /* Debug */,
				3BCAFABB153EE4550048640E /* Release */,
			);
			defaultConfigurationIsVisible = 0;
		};
		3BCAFABC153EE4550048640E /* Build configuration list for PBXNativeTarget "SimOpenerTests" */ = {
			isa = XCConfigurationList;
			buildConfigurations = (
				3BCAFABD153EE4550048640E /* Debug */,
				3BCAFABE153EE4550048640E /* Release */,
			);
			defaultConfigurationIsVisible = 0;
		};
/* End XCConfigurationList section */
	};
	rootObject = 3BCAFA7E153EE4550048640E /* Project object */;
}
